
Microsoft Visual Studio Solution File, Format Version 12.00
# Visual Studio Version 17
VisualStudioVersion = 17.8.34330.188
MinimumVisualStudioVersion = 10.0.40219.1
Project("{8BC9CEB8-8B4A-11D0-8D11-00A0C91BC942}") = "Flower-Exchanger", "Flower-Exchange-Tharusha\Flower-Exchange-Tharusha.vcxproj", "{C1CA3600-228A-4E61-B537-998D3E850B9B}"
EndProject
Project("{8BC9CEB8-8B4A-11D0-8D11-00A0C91BC942}") = "Flower-Trader", "Flower-Exchange-Exchanger\Flower-Exchange-Exchanger.vcxproj", "{B093F222-B0CC-4D12-B523-AD891255CB6F}"
EndProject
Global
	GlobalSection(SolutionConfigurationPlatforms) = preSolution
		Debug|x64 = Debug|x64
		Debug|x86 = Debug|x86
		Release|x64 = Release|x64
		Release|x86 = Release|x86
	EndGlobalSection
	GlobalSection(ProjectConfigurationPlatforms) = postSolution
		{C1CA3600-228A-4E61-B537-998D3E850B9B}.Debug|x64.ActiveCfg = Debug|x64
		{C1CA3600-228A-4E61-B537-998D3E850B9B}.Debug|x64.Build.0 = Debug|x64
		{C1CA3600-228A-4E61-B537-998D3E850B9B}.Debug|x86.ActiveCfg = Debug|Win32
		{C1CA3600-228A-4E61-B537-998D3E850B9B}.Debug|x86.Build.0 = Debug|Win32
		{C1CA3600-228A-4E61-B537-998D3E850B9B}.Release|x64.ActiveCfg = Release|x64
		{C1CA3600-228A-4E61-B537-998D3E850B9B}.Release|x64.Build.0 = Release|x64
		{C1CA3600-228A-4E61-B537-998D3E850B9B}.Release|x86.ActiveCfg = Release|Win32
		{C1CA3600-228A-4E61-B537-998D3E850B9B}.Release|x86.Build.0 = Release|Win32
		{B093F222-B0CC-4D12-B523-AD891255CB6F}.Debug|x64.ActiveCfg = Debug|x64
		{B093F222-B0CC-4D12-B523-AD891255CB6F}.Debug|x64.Build.0 = Debug|x64
		{B093F222-B0CC-4D12-B523-AD891255CB6F}.Debug|x86.ActiveCfg = Debug|Win32
		{B093F222-B0CC-4D12-B523-AD891255CB6F}.Debug|x86.Build.0 = Debug|Win32
		{B093F222-B0CC-4D12-B523-AD891255CB6F}.Release|x64.ActiveCfg = Release|x64
		{B093F222-B0CC-4D12-B523-AD891255CB6F}.Release|x64.Build.0 = Release|x64
		{B093F222-B0CC-4D12-B523-AD891255CB6F}.Release|x86.ActiveCfg = Release|Win32
		{B093F222-B0CC-4D12-B523-AD891255CB6F}.Release|x86.Build.0 = Release|Win32
	EndGlobalSection
	GlobalSection(SolutionProperties) = preSolution
		HideSolutionNode = FALSE
	EndGlobalSection
	GlobalSection(ExtensibilityGlobals) = postSolution
		SolutionGuid = {D6C3BECF-1B76-43D0-924F-B79291E32401}
	EndGlobalSection
EndGlobal
